# @generated by Move, please check-in and do not edit manually.

[move]
version = 3
manifest_digest = "E1E7E3EB775D309ABD04B5C9FA5EEC0FFF9269B6FF5140BF23193010BFCDDF06"
deps_digest = "F8BBB0CCB2491CA29A3DF03D6F92277A4F3574266507ACD77214D37ECA3F3082"
dependencies = [
  { id = "Sui", name = "Sui" },
]

[[move.package]]
id = "MoveStdlib"
source = { git = "https://github.com/MystenLabs/sui.git", rev = "framework/testnet", subdir = "crates/sui-framework/packages/move-stdlib" }

[[move.package]]
id = "Sui"
source = { git = "https://github.com/MystenLabs/sui.git", rev = "framework/testnet", subdir = "crates/sui-framework/packages/sui-framework" }

dependencies = [
  { id = "MoveStdlib", name = "MoveStdlib" },
]

[move.toolchain-version]
compiler-version = "1.56.2"
edition = "2024.beta"
flavor = "sui"

[env]

[env.testnet]
chain-id = "4c78adac"
original-published-id = "0x599c29adf288d2f35b636c0c6593b10e6fa7fefc5de75cb88e77c2703e9260e8"
latest-published-id = "0x599c29adf288d2f35b636c0c6593b10e6fa7fefc5de75cb88e77c2703e9260e8"
published-version = "1"
